// !$*UTF8*$!
{
	archiveVersion = 1;
	classes = {
	};
	objectVersion = 46;
	objects = {

/* Begin PBXBuildFile section */
		93A93EC41DF878FA00CEED22 /* AppDelegate.swift in Sources */ = {isa = PBXBuildFile; fileRef = 93A93EC31DF878FA00CEED22 /* AppDelegate.swift */; };
		93A93EC61DF878FA00CEED22 /* ViewController.swift in Sources */ = {isa = PBXBuildFile; fileRef = 93A93EC51DF878FA00CEED22 /* ViewController.swift */; };
		93A93EC91DF878FA00CEED22 /* Main.storyboard in Resources */ = {isa = PBXBuildFile; fileRef = 93A93EC71DF878FA00CEED22 /* Main.storyboard */; };
		93A93ECB1DF878FA00CEED22 /* Assets.xcassets in Resources */ = {isa = PBXBuildFile; fileRef = 93A93ECA1DF878FA00CEED22 /* Assets.xcassets */; };
		93A93ECE1DF878FA00CEED22 /* LaunchScreen.storyboard in Resources */ = {isa = PBXBuildFile; fileRef = 93A93ECC1DF878FA00CEED22 /* LaunchScreen.storyboard */; };
/* End PBXBuildFile section */

/* Begin PBXFileReference section */
		93A93EC01DF878FA00CEED22 /* Random Numebers Generator.app */ = {isa = PBXFileReference; explicitFileType = wrapper.application; includeInIndex = 0; path = "Random Numebers Generator.app"; sourceTree = BUILT_PRODUCTS_DIR; };
		93A93EC31DF878FA00CEED22 /* AppDelegate.swift */ = {isa = PBXFileReference; lastKnownFileType = sourcecode.swift; path = AppDelegate.swift; sourceTree = "<group>"; };
		93A93EC51DF878FA00CEED22 /* ViewController.swift */ = {isa = PBXFileReference; lastKnownFileType = sourcecode.swift; path = ViewController.swift; sourceTree = "<group>"; };
		93A93EC81DF878FA00CEED22 /* Base */ = {isa = PBXFileReference; lastKnownFileType = file.storyboard; name = Base; path = Base.lproj/Main.storyboard; sourceTree = "<group>"; };
		93A93ECA1DF878FA00CEED22 /* Assets.xcassets */ = {isa = PBXFileReference; lastKnownFileType = folder.assetcatalog; path = Assets.xcassets; sourceTree = "<group>"; };
		93A93ECD1DF878FA00CEED22 /* Base */ = {isa = PBXFileReference; lastKnownFileType = file.storyboard; name = Base; path = Base.lproj/LaunchScreen.storyboard; sourceTree = "<group>"; };
		93A93ECF1DF878FA00CEED22 /* Info.plist */ = {isa = PBXFileReference; lastKnownFileType = text.plist.xml; path = Info.plist; sourceTree = "<group>"; };
/* End PBXFileReference section */

/* Begin PBXFrameworksBuildPhase section */
		93A93EBD1DF878FA00CEED22 /* Frameworks */ = {
			isa = PBXFrameworksBuildPhase;
			buildActionMask = 2147483647;
			files = (
			);
			runOnlyForDeploymentPostprocessing = 0;
		};
/* End PBXFrameworksBuildPhase section */

/* Begin PBXGroup section */
		93A93EB71DF878FA00CEED22 = {
			isa = PBXGroup;
			children = (
				93A93EC21DF878FA00CEED22 /* Random Numebers Generator */,
				93A93EC11DF878FA00CEED22 /* Products */,
			);
			sourceTree = "<group>";
		};
		93A93EC11DF878FA00CEED22 /* Products */ = {
			isa = PBXGroup;
			children = (
				93A93EC01DF878FA00CEED22 /* Random Numebers Generator.app */,
			);
			name = Products;
			sourceTree = "<group>";
		};
		93A93EC21DF878FA00CEED22 /* Random Numebers Generator */ = {
			isa = PBXGroup;
			children = (
				93A93EC31DF878FA00CEED22 /* AppDelegate.swift */,
				93A93EC51DF878FA00CEED22 /* ViewController.swift */,
				93A93EC71DF878FA00CEED22 /* Main.storyboard */,
				93A93ECA1DF878FA00CEED22 /* Assets.xcassets */,
				93A93ECC1DF878FA00CEED22 /* LaunchScreen.storyboard */,
				93A93ECF1DF878FA00CEED22 /* Info.plist */,
			);
			path = "Random Numebers Generator";
			sourceTree = "<group>";
		};
/* End PBXGroup section */

/* Begin PBXNativeTarget section */
		93A93EBF1DF878FA00CEED22 /* Random Numebers Generator */ = {
			isa = PBXNativeTarget;
			buildConfigurationList = 93A93ED21DF878FA00CEED22 /* Build configuration list for PBXNativeTarget "Random Numebers Generator" */;
			buildPhases = (
				93A93EBC1DF878FA00CEED22 /* Sources */,
				93A93EBD1DF878FA00CEED22 /* Frameworks */,
				93A93EBE1DF878FA00CEED22 /* Resources */,
			);
			buildRules = (
			);
			dependencies = (
			);
			name = "Random Numebers Generator";
			productName = "Random Numebers Generator";
			productReference = 93A93EC01DF878FA00CEED22 /* Random Numebers Generator.app */;
			productType = "com.apple.product-type.application";
		};
/* End PBXNativeTarget section */

/* Begin PBXProject section */
		93A93EB81DF878FA00CEED22 /* Project object */ = {
			isa = PBXProject;
			attributes = {
				LastSwiftUpdateCheck = 0810;
				LastUpgradeCheck = 0810;
				ORGANIZATIONNAME = MobilliaApps;
				TargetAttributes = {
					93A93EBF1DF878FA00CEED22 = {
						CreatedOnToolsVersion = 8.1;
						ProvisioningStyle = Automatic;
					};
				};
			};
			buildConfigurationList = 93A93EBB1DF878FA00CEED22 /* Build configuration list for PBXProject "Random Numebers Generator" */;
			compatibilityVersion = "Xcode 3.2";
			developmentRegion = English;
			hasScannedForEncodings = 0;
			knownRegions = (
				en,
				Base,
			);
			mainGroup = 93A93EB71DF878FA00CEED22;
			productRefGroup = 93A93EC11DF878FA00CEED22 /* Products */;
			projectDirPath = "";
			projectRoot = "";
			targets = (
				93A93EBF1DF878FA00CEED22 /* Random Numebers Generator */,
			);
		};
/* End PBXProject section */

/* Begin PBXResourcesBuildPhase section */
		93A93EBE1DF878FA00CEED22 /* Resources */ = {
			isa = PBXResourcesBuildPhase;
			buildActionMask = 2147483647;
			files = (
				93A93ECE1DF878FA00CEED22 /* LaunchScreen.storyboard in Resources */,
				93A93ECB1DF878FA00CEED22 /* Assets.xcassets in Resources */,
				93A93EC91DF878FA00CEED22 /* Main.storyboard in Resources */,
			);
			runOnlyForDeploymentPostprocessing = 0;
		};
/* End PBXResourcesBuildPhase section */

/* Begin PBXSourcesBuildPhase section */
		93A93EBC1DF878FA00CEED22 /* Sources */ = {
			isa = PBXSourcesBuildPhase;
			buildActionMask = 2147483647;
			files = (
				93A93EC61DF878FA00CEED22 /* ViewController.swift in Sources */,
				93A93EC41DF878FA00CEED22 /* AppDelegate.swift in Sources */,
			);
			runOnlyForDeploymentPostprocessing = 0;
		};
/* End PBXSourcesBuildPhase section */

/* Begin PBXVariantGroup section */
		93A93EC71DF878FA00CEED22 /* Main.storyboard */ = {
			isa = PBXVariantGroup;
			children = (
				93A93EC81DF878FA00CEED22 /* Base */,
			);
			name = Main.storyboard;
			sourceTree = "<group>";
		};
		93A93ECC1DF878FA00CEED22 /* LaunchScreen.storyboard */ = {
			isa = PBXVariantGroup;
			children = (
				93A93ECD1DF878FA00CEED22 /* Base */,
			);
			name = LaunchScreen.storyboard;
			sourceTree = "<group>";
		};
/* End PBXVariantGroup section */

/* Begin XCBuildConfiguration section */
		93A93ED01DF878FA00CEED22 /* Debug */ = {
			isa = XCBuildConfiguration;
			buildSettings = {
				ALWAYS_SEARCH_USER_PATHS = NO;
				CLANG_ANALYZER_NONNULL = YES;
				CLANG_CXX_LANGUAGE_STANDARD = "gnu++0x";
				CLANG_CXX_LIBRARY = "libc++";
				CLANG_ENABLE_MODULES = YES;
				CLANG_ENABLE_OBJC_ARC = YES;
				CLANG_WARN_BOOL_CONVERSION = YES;
				CLANG_WARN_CONSTANT_CONVERSION = YES;
				CLANG_WARN_DIRECT_OBJC_ISA_USAGE = YES_ERROR;
				CLANG_WARN_DOCUMENTATION_COMMENTS = YES;
				CLANG_WARN_EMPTY_BODY = YES;
				CLANG_WARN_ENUM_CONVERSION = YES;
				CLANG_WARN_INFINITE_RECURSION = YES;
				CLANG_WARN_INT_CONVERSION = YES;
				CLANG_WARN_OBJC_ROOT_CLASS = YES_ERROR;
				CLANG_WARN_SUSPICIOUS_MOVES = YES;
				CLANG_WARN_UNREACHABLE_CODE = YES;
				CLANG_WARN__DUPLICATE_METHOD_MATCH = YES;
				"CODE_SIGN_IDENTITY[sdk=iphoneos*]" = "iPhone Developer";
				COPY_PHASE_STRIP = NO;
				DEBUG_INFORMATION_FORMAT = dwarf;
				ENABLE_STRICT_OBJC_MSGSEND = YES;
				ENABLE_TESTABILITY = YES;
				GCC_C_LANGUAGE_STANDARD = gnu99;
				GCC_DYNAMIC_NO_PIC = NO;
				GCC_NO_COMMON_BLOCKS = YES;
				GCC_OPTIMIZATION_LEVEL = 0;
				GCC_PREPROCESSOR_DEFINITIONS = (
					"DEBUG=1",
					"$(inherited)",
				);
				GCC_WARN_64_TO_32_BIT_CONVERSION = YES;
				GCC_WARN_ABOUT_RETURN_TYPE = YES_ERROR;
				GCC_WARN_UNDECLARED_SELECTOR = YES;
				GCC_WARN_UNINITIALIZED_AUTOS = YES_AGGRESSIVE;
				GCC_WARN_UNUSED_FUNCTION = YES;
				GCC_WARN_UNUSED_VARIABLE = YES;
				IPHONEOS_DEPLOYMENT_TARGET = 10.1;
				MTL_ENABLE_DEBUG_INFO = YES;
				ONLY_ACTIVE_ARCH = YES;
				SDKROOT = iphoneos;
				SWIFT_ACTIVE_COMPILATION_CONDITIONS = DEBUG;
				SWIFT_OPTIMIZATION_LEVEL = "-Onone";
				TARGETED_DEVICE_FAMILY = "1,2";
			};
			name = Debug;
		};
		93A93ED11DF878FA00CEED22 /* Release */ = {
			isa = XCBuildConfiguration;
			buildSettings = {
				ALWAYS_SEARCH_USER_PATHS = NO;
				CLANG_ANALYZER_NONNULL = YES;
				CLANG_CXX_LANGUAGE_STANDARD = "gnu++0x";
				CLANG_CXX_LIBRARY = "libc++";
				CLANG_ENABLE_MODULES = YES;
				CLANG_ENABLE_OBJC_ARC = YES;
				CLANG_WARN_BOOL_CONVERSION = YES;
				CLANG_WARN_CONSTANT_CONVERSION = YES;
				CLANG_WARN_DIRECT_OBJC_ISA_USAGE = YES_ERROR;
				CLANG_WARN_DOCUMENTATION_COMMENTS = YES;
				CLANG_WARN_EMPTY_BODY = YES;
				CLANG_WARN_ENUM_CONVERSION = YES;
				CLANG_WARN_INFINITE_RECURSION = YES;
				CLANG_WARN_INT_CONVERSION = YES;
				CLANG_WARN_OBJC_ROOT_CLASS = YES_ERROR;
				CLANG_WARN_SUSPICIOUS_MOVES = YES;
				CLANG_WARN_UNREACHABLE_CODE = YES;
				CLANG_WARN__DUPLICATE_METHOD_MATCH = YES;
				"CODE_SIGN_IDENTITY[sdk=iphoneos*]" = "iPhone Developer";
				COPY_PHASE_STRIP = NO;
				DEBUG_INFORMATION_FORMAT = "dwarf-with-dsym";
				ENABLE_NS_ASSERTIONS = NO;
				ENABLE_STRICT_OBJC_MSGSEND = YES;
				GCC_C_LANGUAGE_STANDARD = gnu99;
				GCC_NO_COMMON_BLOCKS = YES;
				GCC_WARN_64_TO_32_BIT_CONVERSION = YES;
				GCC_WARN_ABOUT_RETURN_TYPE = YES_ERROR;
				GCC_WARN_UNDECLARED_SELECTOR = YES;
				GCC_WARN_UNINITIALIZED_AUTOS = YES_AGGRESSIVE;
				GCC_WARN_UNUSED_FUNCTION = YES;
				GCC_WARN_UNUSED_VARIABLE = YES;
				IPHONEOS_DEPLOYMENT_TARGET = 10.1;
				MTL_ENABLE_DEBUG_INFO = NO;
				SDKROOT = iphoneos;
				SWIFT_OPTIMIZATION_LEVEL = "-Owholemodule";
				TARGETED_DEVICE_FAMILY = "1,2";
				VALIDATE_PRODUCT = YES;
			};
			name = Release;
		};
		93A93ED31DF878FA00CEED22 /* Debug */ = {
			isa = XCBuildConfiguration;
			buildSettings = {
				ASSETCATALOG_COMPILER_APPICON_NAME = AppIcon;
				INFOPLIST_FILE = "Random Numebers Generator/Info.plist";
				LD_RUNPATH_SEARCH_PATHS = "$(inherited) @executable_path/Frameworks";
				PRODUCT_BUNDLE_IDENTIFIER = "com.br.mobillia.Random-Numebers-Generator";
				PRODUCT_NAME = "$(TARGET_NAME)";
				SWIFT_VERSION = 3.0;
			};
			name = Debug;
		};
		93A93ED41DF878FA00CEED22 /* Release */ = {
			isa = XCBuildConfiguration;
			buildSettings = {
				ASSETCATALOG_COMPILER_APPICON_NAME = AppIcon;
				INFOPLIST_FILE = "Random Numebers Generator/Info.plist";
				LD_RUNPATH_SEARCH_PATHS = "$(inherited) @executable_path/Frameworks";
				PRODUCT_BUNDLE_IDENTIFIER = "com.br.mobillia.Random-Numebers-Generator";
				PRODUCT_NAME = "$(TARGET_NAME)";
				SWIFT_VERSION = 3.0;
			};
			name = Release;
		};
/* End XCBuildConfiguration section */

/* Begin XCConfigurationList section */
		93A93EBB1DF878FA00CEED22 /* Build configuration list for PBXProject "Random Numebers Generator" */ = {
			isa = XCConfigurationList;
			buildConfigurations = (
				93A93ED01DF878FA00CEED22 /* Debug */,
				93A93ED11DF878FA00CEED22 /* Release */,
			);
			defaultConfigurationIsVisible = 0;
			defaultConfigurationName = Release;
		};
		93A93ED21DF878FA00CEED22 /* Build configuration list for PBXNativeTarget "Random Numebers Generator" */ = {
			isa = XCConfigurationList;
			buildConfigurations = (
				93A93ED31DF878FA00CEED22 /* Debug */,
				93A93ED41DF878FA00CEED22 /* Release */,
			);
			defaultConfigurationIsVisible = 0;
		};
/* End XCConfigurationList section */
	};
	rootObject = 93A93EB81DF878FA00CEED22 /* Project object */;
}
