// !$*UTF8*$!
{
	archiveVersion = 1;
	classes = {
	};
	objectVersion = 46;
	objects = {

/* Begin PBXBuildFile section */
		9375F9A51E26C741009AE13B /* MyFirstViewController_iPad.xib in Resources */ = {isa = PBXBuildFile; fileRef = 9375F9A41E26C741009AE13B /* MyFirstViewController_iPad.xib */; };
		93E89B2B1E23172700D79B3C /* main.m in Sources */ = {isa = PBXBuildFile; fileRef = 93E89B2A1E23172700D79B3C /* main.m */; };
		93E89B2E1E23172700D79B3C /* AppDelegate.m in Sources */ = {isa = PBXBuildFile; fileRef = 93E89B2D1E23172700D79B3C /* AppDelegate.m */; };
		93E89B341E23172700D79B3C /* Main.storyboard in Resources */ = {isa = PBXBuildFile; fileRef = 93E89B321E23172700D79B3C /* Main.storyboard */; };
		93E89B361E23172700D79B3C /* Assets.xcassets in Resources */ = {isa = PBXBuildFile; fileRef = 93E89B351E23172700D79B3C /* Assets.xcassets */; };
		93E89B391E23172700D79B3C /* LaunchScreen.storyboard in Resources */ = {isa = PBXBuildFile; fileRef = 93E89B371E23172700D79B3C /* LaunchScreen.storyboard */; };
		93E89B481E231ED300D79B3C /* MyFirstViewController.m in Sources */ = {isa = PBXBuildFile; fileRef = 93E89B461E231ED300D79B3C /* MyFirstViewController.m */; };
		93E89B491E231ED300D79B3C /* MyFirstViewController.xib in Resources */ = {isa = PBXBuildFile; fileRef = 93E89B471E231ED300D79B3C /* MyFirstViewController.xib */; };
/* End PBXBuildFile section */

/* Begin PBXFileReference section */
		9375F9A41E26C741009AE13B /* MyFirstViewController_iPad.xib */ = {isa = PBXFileReference; fileEncoding = 4; lastKnownFileType = file.xib; path = MyFirstViewController_iPad.xib; sourceTree = "<group>"; };
		93E89B261E23172700D79B3C /* Universal_App_example.app */ = {isa = PBXFileReference; explicitFileType = wrapper.application; includeInIndex = 0; path = Universal_App_example.app; sourceTree = BUILT_PRODUCTS_DIR; };
		93E89B2A1E23172700D79B3C /* main.m */ = {isa = PBXFileReference; lastKnownFileType = sourcecode.c.objc; path = main.m; sourceTree = "<group>"; };
		93E89B2C1E23172700D79B3C /* AppDelegate.h */ = {isa = PBXFileReference; lastKnownFileType = sourcecode.c.h; path = AppDelegate.h; sourceTree = "<group>"; };
		93E89B2D1E23172700D79B3C /* AppDelegate.m */ = {isa = PBXFileReference; lastKnownFileType = sourcecode.c.objc; path = AppDelegate.m; sourceTree = "<group>"; };
		93E89B331E23172700D79B3C /* Base */ = {isa = PBXFileReference; lastKnownFileType = file.storyboard; name = Base; path = Base.lproj/Main.storyboard; sourceTree = "<group>"; };
		93E89B351E23172700D79B3C /* Assets.xcassets */ = {isa = PBXFileReference; lastKnownFileType = folder.assetcatalog; path = Assets.xcassets; sourceTree = "<group>"; };
		93E89B381E23172700D79B3C /* Base */ = {isa = PBXFileReference; lastKnownFileType = file.storyboard; name = Base; path = Base.lproj/LaunchScreen.storyboard; sourceTree = "<group>"; };
		93E89B3A1E23172700D79B3C /* Info.plist */ = {isa = PBXFileReference; lastKnownFileType = text.plist.xml; path = Info.plist; sourceTree = "<group>"; };
		93E89B451E231ED300D79B3C /* MyFirstViewController.h */ = {isa = PBXFileReference; fileEncoding = 4; lastKnownFileType = sourcecode.c.h; name = MyFirstViewController.h; path = ../MyFirstViewController.h; sourceTree = "<group>"; };
		93E89B461E231ED300D79B3C /* MyFirstViewController.m */ = {isa = PBXFileReference; fileEncoding = 4; lastKnownFileType = sourcecode.c.objc; name = MyFirstViewController.m; path = ../MyFirstViewController.m; sourceTree = "<group>"; };
		93E89B471E231ED300D79B3C /* MyFirstViewController.xib */ = {isa = PBXFileReference; fileEncoding = 4; lastKnownFileType = file.xib; name = MyFirstViewController.xib; path = ../MyFirstViewController.xib; sourceTree = "<group>"; };
/* End PBXFileReference section */

/* Begin PBXFrameworksBuildPhase section */
		93E89B231E23172700D79B3C /* Frameworks */ = {
			isa = PBXFrameworksBuildPhase;
			buildActionMask = 2147483647;
			files = (
			);
			runOnlyForDeploymentPostprocessing = 0;
		};
/* End PBXFrameworksBuildPhase section */

/* Begin PBXGroup section */
		93E89B1D1E23172700D79B3C = {
			isa = PBXGroup;
			children = (
				93E89B281E23172700D79B3C /* Universal_App_example */,
				93E89B271E23172700D79B3C /* Products */,
			);
			sourceTree = "<group>";
		};
		93E89B271E23172700D79B3C /* Products */ = {
			isa = PBXGroup;
			children = (
				93E89B261E23172700D79B3C /* Universal_App_example.app */,
			);
			name = Products;
			sourceTree = "<group>";
		};
		93E89B281E23172700D79B3C /* Universal_App_example */ = {
			isa = PBXGroup;
			children = (
				93E89B451E231ED300D79B3C /* MyFirstViewController.h */,
				93E89B461E231ED300D79B3C /* MyFirstViewController.m */,
				93E89B471E231ED300D79B3C /* MyFirstViewController.xib */,
				93E89B2C1E23172700D79B3C /* AppDelegate.h */,
				93E89B2D1E23172700D79B3C /* AppDelegate.m */,
				93E89B321E23172700D79B3C /* Main.storyboard */,
				93E89B351E23172700D79B3C /* Assets.xcassets */,
				93E89B371E23172700D79B3C /* LaunchScreen.storyboard */,
				93E89B3A1E23172700D79B3C /* Info.plist */,
				93E89B291E23172700D79B3C /* Supporting Files */,
				9375F9A41E26C741009AE13B /* MyFirstViewController_iPad.xib */,
			);
			path = Universal_App_example;
			sourceTree = "<group>";
		};
		93E89B291E23172700D79B3C /* Supporting Files */ = {
			isa = PBXGroup;
			children = (
				93E89B2A1E23172700D79B3C /* main.m */,
			);
			name = "Supporting Files";
			sourceTree = "<group>";
		};
/* End PBXGroup section */

/* Begin PBXNativeTarget section */
		93E89B251E23172700D79B3C /* Universal_App_example */ = {
			isa = PBXNativeTarget;
			buildConfigurationList = 93E89B3D1E23172700D79B3C /* Build configuration list for PBXNativeTarget "Universal_App_example" */;
			buildPhases = (
				93E89B221E23172700D79B3C /* Sources */,
				93E89B231E23172700D79B3C /* Frameworks */,
				93E89B241E23172700D79B3C /* Resources */,
			);
			buildRules = (
			);
			dependencies = (
			);
			name = Universal_App_example;
			productName = Universal_App_example;
			productReference = 93E89B261E23172700D79B3C /* Universal_App_example.app */;
			productType = "com.apple.product-type.application";
		};
/* End PBXNativeTarget section */

/* Begin PBXProject section */
		93E89B1E1E23172700D79B3C /* Project object */ = {
			isa = PBXProject;
			attributes = {
				LastUpgradeCheck = 0810;
				ORGANIZATIONNAME = MobilliaApps;
				TargetAttributes = {
					93E89B251E23172700D79B3C = {
						CreatedOnToolsVersion = 8.1;
						ProvisioningStyle = Automatic;
					};
				};
			};
			buildConfigurationList = 93E89B211E23172700D79B3C /* Build configuration list for PBXProject "Universal_App_example" */;
			compatibilityVersion = "Xcode 3.2";
			developmentRegion = English;
			hasScannedForEncodings = 0;
			knownRegions = (
				en,
				Base,
			);
			mainGroup = 93E89B1D1E23172700D79B3C;
			productRefGroup = 93E89B271E23172700D79B3C /* Products */;
			projectDirPath = "";
			projectRoot = "";
			targets = (
				93E89B251E23172700D79B3C /* Universal_App_example */,
			);
		};
/* End PBXProject section */

/* Begin PBXResourcesBuildPhase section */
		93E89B241E23172700D79B3C /* Resources */ = {
			isa = PBXResourcesBuildPhase;
			buildActionMask = 2147483647;
			files = (
				93E89B391E23172700D79B3C /* LaunchScreen.storyboard in Resources */,
				9375F9A51E26C741009AE13B /* MyFirstViewController_iPad.xib in Resources */,
				93E89B361E23172700D79B3C /* Assets.xcassets in Resources */,
				93E89B341E23172700D79B3C /* Main.storyboard in Resources */,
				93E89B491E231ED300D79B3C /* MyFirstViewController.xib in Resources */,
			);
			runOnlyForDeploymentPostprocessing = 0;
		};
/* End PBXResourcesBuildPhase section */

/* Begin PBXSourcesBuildPhase section */
		93E89B221E23172700D79B3C /* Sources */ = {
			isa = PBXSourcesBuildPhase;
			buildActionMask = 2147483647;
			files = (
				93E89B2E1E23172700D79B3C /* AppDelegate.m in Sources */,
				93E89B2B1E23172700D79B3C /* main.m in Sources */,
				93E89B481E231ED300D79B3C /* MyFirstViewController.m in Sources */,
			);
			runOnlyForDeploymentPostprocessing = 0;
		};
/* End PBXSourcesBuildPhase section */

/* Begin PBXVariantGroup section */
		93E89B321E23172700D79B3C /* Main.storyboard */ = {
			isa = PBXVariantGroup;
			children = (
				93E89B331E23172700D79B3C /* Base */,
			);
			name = Main.storyboard;
			sourceTree = "<group>";
		};
		93E89B371E23172700D79B3C /* LaunchScreen.storyboard */ = {
			isa = PBXVariantGroup;
			children = (
				93E89B381E23172700D79B3C /* Base */,
			);
			name = LaunchScreen.storyboard;
			sourceTree = "<group>";
		};
/* End PBXVariantGroup section */

/* Begin XCBuildConfiguration section */
		93E89B3B1E23172700D79B3C /* Debug */ = {
			isa = XCBuildConfiguration;
			buildSettings = {
				ALWAYS_SEARCH_USER_PATHS = NO;
				CLANG_ANALYZER_NONNULL = YES;
				CLANG_CXX_LANGUAGE_STANDARD = "gnu++0x";
				CLANG_CXX_LIBRARY = "libc++";
				CLANG_ENABLE_MODULES = YES;
				CLANG_ENABLE_OBJC_ARC = YES;
				CLANG_WARN_BOOL_CONVERSION = YES;
				CLANG_WARN_CONSTANT_CONVERSION = YES;
				CLANG_WARN_DIRECT_OBJC_ISA_USAGE = YES_ERROR;
				CLANG_WARN_DOCUMENTATION_COMMENTS = YES;
				CLANG_WARN_EMPTY_BODY = YES;
				CLANG_WARN_ENUM_CONVERSION = YES;
				CLANG_WARN_INFINITE_RECURSION = YES;
				CLANG_WARN_INT_CONVERSION = YES;
				CLANG_WARN_OBJC_ROOT_CLASS = YES_ERROR;
				CLANG_WARN_SUSPICIOUS_MOVES = YES;
				CLANG_WARN_UNREACHABLE_CODE = YES;
				CLANG_WARN__DUPLICATE_METHOD_MATCH = YES;
				"CODE_SIGN_IDENTITY[sdk=iphoneos*]" = "iPhone Developer";
				COPY_PHASE_STRIP = NO;
				DEBUG_INFORMATION_FORMAT = dwarf;
				ENABLE_STRICT_OBJC_MSGSEND = YES;
				ENABLE_TESTABILITY = YES;
				GCC_C_LANGUAGE_STANDARD = gnu99;
				GCC_DYNAMIC_NO_PIC = NO;
				GCC_NO_COMMON_BLOCKS = YES;
				GCC_OPTIMIZATION_LEVEL = 0;
				GCC_PREPROCESSOR_DEFINITIONS = (
					"DEBUG=1",
					"$(inherited)",
				);
				GCC_WARN_64_TO_32_BIT_CONVERSION = YES;
				GCC_WARN_ABOUT_RETURN_TYPE = YES_ERROR;
				GCC_WARN_UNDECLARED_SELECTOR = YES;
				GCC_WARN_UNINITIALIZED_AUTOS = YES_AGGRESSIVE;
				GCC_WARN_UNUSED_FUNCTION = YES;
				GCC_WARN_UNUSED_VARIABLE = YES;
				IPHONEOS_DEPLOYMENT_TARGET = 10.1;
				MTL_ENABLE_DEBUG_INFO = YES;
				ONLY_ACTIVE_ARCH = YES;
				SDKROOT = iphoneos;
				TARGETED_DEVICE_FAMILY = "1,2";
			};
			name = Debug;
		};
		93E89B3C1E23172700D79B3C /* Release */ = {
			isa = XCBuildConfiguration;
			buildSettings = {
				ALWAYS_SEARCH_USER_PATHS = NO;
				CLANG_ANALYZER_NONNULL = YES;
				CLANG_CXX_LANGUAGE_STANDARD = "gnu++0x";
				CLANG_CXX_LIBRARY = "libc++";
				CLANG_ENABLE_MODULES = YES;
				CLANG_ENABLE_OBJC_ARC = YES;
				CLANG_WARN_BOOL_CONVERSION = YES;
				CLANG_WARN_CONSTANT_CONVERSION = YES;
				CLANG_WARN_DIRECT_OBJC_ISA_USAGE = YES_ERROR;
				CLANG_WARN_DOCUMENTATION_COMMENTS = YES;
				CLANG_WARN_EMPTY_BODY = YES;
				CLANG_WARN_ENUM_CONVERSION = YES;
				CLANG_WARN_INFINITE_RECURSION = YES;
				CLANG_WARN_INT_CONVERSION = YES;
				CLANG_WARN_OBJC_ROOT_CLASS = YES_ERROR;
				CLANG_WARN_SUSPICIOUS_MOVES = YES;
				CLANG_WARN_UNREACHABLE_CODE = YES;
				CLANG_WARN__DUPLICATE_METHOD_MATCH = YES;
				"CODE_SIGN_IDENTITY[sdk=iphoneos*]" = "iPhone Developer";
				COPY_PHASE_STRIP = NO;
				DEBUG_INFORMATION_FORMAT = "dwarf-with-dsym";
				ENABLE_NS_ASSERTIONS = NO;
				ENABLE_STRICT_OBJC_MSGSEND = YES;
				GCC_C_LANGUAGE_STANDARD = gnu99;
				GCC_NO_COMMON_BLOCKS = YES;
				GCC_WARN_64_TO_32_BIT_CONVERSION = YES;
				GCC_WARN_ABOUT_RETURN_TYPE = YES_ERROR;
				GCC_WARN_UNDECLARED_SELECTOR = YES;
				GCC_WARN_UNINITIALIZED_AUTOS = YES_AGGRESSIVE;
				GCC_WARN_UNUSED_FUNCTION = YES;
				GCC_WARN_UNUSED_VARIABLE = YES;
				IPHONEOS_DEPLOYMENT_TARGET = 10.1;
				MTL_ENABLE_DEBUG_INFO = NO;
				SDKROOT = iphoneos;
				TARGETED_DEVICE_FAMILY = "1,2";
				VALIDATE_PRODUCT = YES;
			};
			name = Release;
		};
		93E89B3E1E23172700D79B3C /* Debug */ = {
			isa = XCBuildConfiguration;
			buildSettings = {
				ASSETCATALOG_COMPILER_APPICON_NAME = AppIcon;
				INFOPLIST_FILE = Universal_App_example/Info.plist;
				LD_RUNPATH_SEARCH_PATHS = "$(inherited) @executable_path/Frameworks";
				PRODUCT_BUNDLE_IDENTIFIER = "com.br.mobillia.Universal-App-example";
				PRODUCT_NAME = "$(TARGET_NAME)";
			};
			name = Debug;
		};
		93E89B3F1E23172700D79B3C /* Release */ = {
			isa = XCBuildConfiguration;
			buildSettings = {
				ASSETCATALOG_COMPILER_APPICON_NAME = AppIcon;
				INFOPLIST_FILE = Universal_App_example/Info.plist;
				LD_RUNPATH_SEARCH_PATHS = "$(inherited) @executable_path/Frameworks";
				PRODUCT_BUNDLE_IDENTIFIER = "com.br.mobillia.Universal-App-example";
				PRODUCT_NAME = "$(TARGET_NAME)";
			};
			name = Release;
		};
/* End XCBuildConfiguration section */

/* Begin XCConfigurationList section */
		93E89B211E23172700D79B3C /* Build configuration list for PBXProject "Universal_App_example" */ = {
			isa = XCConfigurationList;
			buildConfigurations = (
				93E89B3B1E23172700D79B3C /* Debug */,
				93E89B3C1E23172700D79B3C /* Release */,
			);
			defaultConfigurationIsVisible = 0;
			defaultConfigurationName = Release;
		};
		93E89B3D1E23172700D79B3C /* Build configuration list for PBXNativeTarget "Universal_App_example" */ = {
			isa = XCConfigurationList;
			buildConfigurations = (
				93E89B3E1E23172700D79B3C /* Debug */,
				93E89B3F1E23172700D79B3C /* Release */,
			);
			defaultConfigurationIsVisible = 0;
			defaultConfigurationName = Release;
		};
/* End XCConfigurationList section */
	};
	rootObject = 93E89B1E1E23172700D79B3C /* Project object */;
}
