// !$*UTF8*$!
{
	archiveVersion = 1;
	classes = {
	};
	objectVersion = 46;
	objects = {

/* Begin PBXBuildFile section */
		9358B18D1DFA59C3009833F4 /* AppDelegate.swift in Sources */ = {isa = PBXBuildFile; fileRef = 9358B18C1DFA59C3009833F4 /* AppDelegate.swift */; };
		9358B18F1DFA59C3009833F4 /* ViewController.swift in Sources */ = {isa = PBXBuildFile; fileRef = 9358B18E1DFA59C3009833F4 /* ViewController.swift */; };
		9358B1921DFA59C3009833F4 /* Main.storyboard in Resources */ = {isa = PBXBuildFile; fileRef = 9358B1901DFA59C3009833F4 /* Main.storyboard */; };
		9358B1941DFA59C3009833F4 /* Assets.xcassets in Resources */ = {isa = PBXBuildFile; fileRef = 9358B1931DFA59C3009833F4 /* Assets.xcassets */; };
		9358B1971DFA59C3009833F4 /* LaunchScreen.storyboard in Resources */ = {isa = PBXBuildFile; fileRef = 9358B1951DFA59C3009833F4 /* LaunchScreen.storyboard */; };
/* End PBXBuildFile section */

/* Begin PBXFileReference section */
		9358B1891DFA59C3009833F4 /* Phrases of the day.app */ = {isa = PBXFileReference; explicitFileType = wrapper.application; includeInIndex = 0; path = "Phrases of the day.app"; sourceTree = BUILT_PRODUCTS_DIR; };
		9358B18C1DFA59C3009833F4 /* AppDelegate.swift */ = {isa = PBXFileReference; lastKnownFileType = sourcecode.swift; path = AppDelegate.swift; sourceTree = "<group>"; };
		9358B18E1DFA59C3009833F4 /* ViewController.swift */ = {isa = PBXFileReference; lastKnownFileType = sourcecode.swift; path = ViewController.swift; sourceTree = "<group>"; };
		9358B1911DFA59C3009833F4 /* Base */ = {isa = PBXFileReference; lastKnownFileType = file.storyboard; name = Base; path = Base.lproj/Main.storyboard; sourceTree = "<group>"; };
		9358B1931DFA59C3009833F4 /* Assets.xcassets */ = {isa = PBXFileReference; lastKnownFileType = folder.assetcatalog; path = Assets.xcassets; sourceTree = "<group>"; };
		9358B1961DFA59C3009833F4 /* Base */ = {isa = PBXFileReference; lastKnownFileType = file.storyboard; name = Base; path = Base.lproj/LaunchScreen.storyboard; sourceTree = "<group>"; };
		9358B1981DFA59C3009833F4 /* Info.plist */ = {isa = PBXFileReference; lastKnownFileType = text.plist.xml; path = Info.plist; sourceTree = "<group>"; };
/* End PBXFileReference section */

/* Begin PBXFrameworksBuildPhase section */
		9358B1861DFA59C3009833F4 /* Frameworks */ = {
			isa = PBXFrameworksBuildPhase;
			buildActionMask = 2147483647;
			files = (
			);
			runOnlyForDeploymentPostprocessing = 0;
		};
/* End PBXFrameworksBuildPhase section */

/* Begin PBXGroup section */
		9358B1801DFA59C3009833F4 = {
			isa = PBXGroup;
			children = (
				9358B18B1DFA59C3009833F4 /* Phrases of the day */,
				9358B18A1DFA59C3009833F4 /* Products */,
			);
			sourceTree = "<group>";
		};
		9358B18A1DFA59C3009833F4 /* Products */ = {
			isa = PBXGroup;
			children = (
				9358B1891DFA59C3009833F4 /* Phrases of the day.app */,
			);
			name = Products;
			sourceTree = "<group>";
		};
		9358B18B1DFA59C3009833F4 /* Phrases of the day */ = {
			isa = PBXGroup;
			children = (
				9358B18C1DFA59C3009833F4 /* AppDelegate.swift */,
				9358B18E1DFA59C3009833F4 /* ViewController.swift */,
				9358B1901DFA59C3009833F4 /* Main.storyboard */,
				9358B1931DFA59C3009833F4 /* Assets.xcassets */,
				9358B1951DFA59C3009833F4 /* LaunchScreen.storyboard */,
				9358B1981DFA59C3009833F4 /* Info.plist */,
			);
			path = "Phrases of the day";
			sourceTree = "<group>";
		};
/* End PBXGroup section */

/* Begin PBXNativeTarget section */
		9358B1881DFA59C3009833F4 /* Phrases of the day */ = {
			isa = PBXNativeTarget;
			buildConfigurationList = 9358B19B1DFA59C3009833F4 /* Build configuration list for PBXNativeTarget "Phrases of the day" */;
			buildPhases = (
				9358B1851DFA59C3009833F4 /* Sources */,
				9358B1861DFA59C3009833F4 /* Frameworks */,
				9358B1871DFA59C3009833F4 /* Resources */,
			);
			buildRules = (
			);
			dependencies = (
			);
			name = "Phrases of the day";
			productName = "Phrases of the day";
			productReference = 9358B1891DFA59C3009833F4 /* Phrases of the day.app */;
			productType = "com.apple.product-type.application";
		};
/* End PBXNativeTarget section */

/* Begin PBXProject section */
		9358B1811DFA59C3009833F4 /* Project object */ = {
			isa = PBXProject;
			attributes = {
				LastSwiftUpdateCheck = 0810;
				LastUpgradeCheck = 0810;
				ORGANIZATIONNAME = MobilliaApps;
				TargetAttributes = {
					9358B1881DFA59C3009833F4 = {
						CreatedOnToolsVersion = 8.1;
						ProvisioningStyle = Automatic;
					};
				};
			};
			buildConfigurationList = 9358B1841DFA59C3009833F4 /* Build configuration list for PBXProject "Phrases of the day" */;
			compatibilityVersion = "Xcode 3.2";
			developmentRegion = English;
			hasScannedForEncodings = 0;
			knownRegions = (
				en,
				Base,
			);
			mainGroup = 9358B1801DFA59C3009833F4;
			productRefGroup = 9358B18A1DFA59C3009833F4 /* Products */;
			projectDirPath = "";
			projectRoot = "";
			targets = (
				9358B1881DFA59C3009833F4 /* Phrases of the day */,
			);
		};
/* End PBXProject section */

/* Begin PBXResourcesBuildPhase section */
		9358B1871DFA59C3009833F4 /* Resources */ = {
			isa = PBXResourcesBuildPhase;
			buildActionMask = 2147483647;
			files = (
				9358B1971DFA59C3009833F4 /* LaunchScreen.storyboard in Resources */,
				9358B1941DFA59C3009833F4 /* Assets.xcassets in Resources */,
				9358B1921DFA59C3009833F4 /* Main.storyboard in Resources */,
			);
			runOnlyForDeploymentPostprocessing = 0;
		};
/* End PBXResourcesBuildPhase section */

/* Begin PBXSourcesBuildPhase section */
		9358B1851DFA59C3009833F4 /* Sources */ = {
			isa = PBXSourcesBuildPhase;
			buildActionMask = 2147483647;
			files = (
				9358B18F1DFA59C3009833F4 /* ViewController.swift in Sources */,
				9358B18D1DFA59C3009833F4 /* AppDelegate.swift in Sources */,
			);
			runOnlyForDeploymentPostprocessing = 0;
		};
/* End PBXSourcesBuildPhase section */

/* Begin PBXVariantGroup section */
		9358B1901DFA59C3009833F4 /* Main.storyboard */ = {
			isa = PBXVariantGroup;
			children = (
				9358B1911DFA59C3009833F4 /* Base */,
			);
			name = Main.storyboard;
			sourceTree = "<group>";
		};
		9358B1951DFA59C3009833F4 /* LaunchScreen.storyboard */ = {
			isa = PBXVariantGroup;
			children = (
				9358B1961DFA59C3009833F4 /* Base */,
			);
			name = LaunchScreen.storyboard;
			sourceTree = "<group>";
		};
/* End PBXVariantGroup section */

/* Begin XCBuildConfiguration section */
		9358B1991DFA59C3009833F4 /* Debug */ = {
			isa = XCBuildConfiguration;
			buildSettings = {
				ALWAYS_SEARCH_USER_PATHS = NO;
				CLANG_ANALYZER_NONNULL = YES;
				CLANG_CXX_LANGUAGE_STANDARD = "gnu++0x";
				CLANG_CXX_LIBRARY = "libc++";
				CLANG_ENABLE_MODULES = YES;
				CLANG_ENABLE_OBJC_ARC = YES;
				CLANG_WARN_BOOL_CONVERSION = YES;
				CLANG_WARN_CONSTANT_CONVERSION = YES;
				CLANG_WARN_DIRECT_OBJC_ISA_USAGE = YES_ERROR;
				CLANG_WARN_DOCUMENTATION_COMMENTS = YES;
				CLANG_WARN_EMPTY_BODY = YES;
				CLANG_WARN_ENUM_CONVERSION = YES;
				CLANG_WARN_INFINITE_RECURSION = YES;
				CLANG_WARN_INT_CONVERSION = YES;
				CLANG_WARN_OBJC_ROOT_CLASS = YES_ERROR;
				CLANG_WARN_SUSPICIOUS_MOVES = YES;
				CLANG_WARN_UNREACHABLE_CODE = YES;
				CLANG_WARN__DUPLICATE_METHOD_MATCH = YES;
				"CODE_SIGN_IDENTITY[sdk=iphoneos*]" = "iPhone Developer";
				COPY_PHASE_STRIP = NO;
				DEBUG_INFORMATION_FORMAT = dwarf;
				ENABLE_STRICT_OBJC_MSGSEND = YES;
				ENABLE_TESTABILITY = YES;
				GCC_C_LANGUAGE_STANDARD = gnu99;
				GCC_DYNAMIC_NO_PIC = NO;
				GCC_NO_COMMON_BLOCKS = YES;
				GCC_OPTIMIZATION_LEVEL = 0;
				GCC_PREPROCESSOR_DEFINITIONS = (
					"DEBUG=1",
					"$(inherited)",
				);
				GCC_WARN_64_TO_32_BIT_CONVERSION = YES;
				GCC_WARN_ABOUT_RETURN_TYPE = YES_ERROR;
				GCC_WARN_UNDECLARED_SELECTOR = YES;
				GCC_WARN_UNINITIALIZED_AUTOS = YES_AGGRESSIVE;
				GCC_WARN_UNUSED_FUNCTION = YES;
				GCC_WARN_UNUSED_VARIABLE = YES;
				IPHONEOS_DEPLOYMENT_TARGET = 10.1;
				MTL_ENABLE_DEBUG_INFO = YES;
				ONLY_ACTIVE_ARCH = YES;
				SDKROOT = iphoneos;
				SWIFT_ACTIVE_COMPILATION_CONDITIONS = DEBUG;
				SWIFT_OPTIMIZATION_LEVEL = "-Onone";
				TARGETED_DEVICE_FAMILY = "1,2";
			};
			name = Debug;
		};
		9358B19A1DFA59C3009833F4 /* Release */ = {
			isa = XCBuildConfiguration;
			buildSettings = {
				ALWAYS_SEARCH_USER_PATHS = NO;
				CLANG_ANALYZER_NONNULL = YES;
				CLANG_CXX_LANGUAGE_STANDARD = "gnu++0x";
				CLANG_CXX_LIBRARY = "libc++";
				CLANG_ENABLE_MODULES = YES;
				CLANG_ENABLE_OBJC_ARC = YES;
				CLANG_WARN_BOOL_CONVERSION = YES;
				CLANG_WARN_CONSTANT_CONVERSION = YES;
				CLANG_WARN_DIRECT_OBJC_ISA_USAGE = YES_ERROR;
				CLANG_WARN_DOCUMENTATION_COMMENTS = YES;
				CLANG_WARN_EMPTY_BODY = YES;
				CLANG_WARN_ENUM_CONVERSION = YES;
				CLANG_WARN_INFINITE_RECURSION = YES;
				CLANG_WARN_INT_CONVERSION = YES;
				CLANG_WARN_OBJC_ROOT_CLASS = YES_ERROR;
				CLANG_WARN_SUSPICIOUS_MOVES = YES;
				CLANG_WARN_UNREACHABLE_CODE = YES;
				CLANG_WARN__DUPLICATE_METHOD_MATCH = YES;
				"CODE_SIGN_IDENTITY[sdk=iphoneos*]" = "iPhone Developer";
				COPY_PHASE_STRIP = NO;
				DEBUG_INFORMATION_FORMAT = "dwarf-with-dsym";
				ENABLE_NS_ASSERTIONS = NO;
				ENABLE_STRICT_OBJC_MSGSEND = YES;
				GCC_C_LANGUAGE_STANDARD = gnu99;
				GCC_NO_COMMON_BLOCKS = YES;
				GCC_WARN_64_TO_32_BIT_CONVERSION = YES;
				GCC_WARN_ABOUT_RETURN_TYPE = YES_ERROR;
				GCC_WARN_UNDECLARED_SELECTOR = YES;
				GCC_WARN_UNINITIALIZED_AUTOS = YES_AGGRESSIVE;
				GCC_WARN_UNUSED_FUNCTION = YES;
				GCC_WARN_UNUSED_VARIABLE = YES;
				IPHONEOS_DEPLOYMENT_TARGET = 10.1;
				MTL_ENABLE_DEBUG_INFO = NO;
				SDKROOT = iphoneos;
				SWIFT_OPTIMIZATION_LEVEL = "-Owholemodule";
				TARGETED_DEVICE_FAMILY = "1,2";
				VALIDATE_PRODUCT = YES;
			};
			name = Release;
		};
		9358B19C1DFA59C3009833F4 /* Debug */ = {
			isa = XCBuildConfiguration;
			buildSettings = {
				ASSETCATALOG_COMPILER_APPICON_NAME = AppIcon;
				INFOPLIST_FILE = "Phrases of the day/Info.plist";
				LD_RUNPATH_SEARCH_PATHS = "$(inherited) @executable_path/Frameworks";
				PRODUCT_BUNDLE_IDENTIFIER = "com.br.mobillia.Phrases-of-the-day";
				PRODUCT_NAME = "$(TARGET_NAME)";
				SWIFT_VERSION = 3.0;
			};
			name = Debug;
		};
		9358B19D1DFA59C3009833F4 /* Release */ = {
			isa = XCBuildConfiguration;
			buildSettings = {
				ASSETCATALOG_COMPILER_APPICON_NAME = AppIcon;
				INFOPLIST_FILE = "Phrases of the day/Info.plist";
				LD_RUNPATH_SEARCH_PATHS = "$(inherited) @executable_path/Frameworks";
				PRODUCT_BUNDLE_IDENTIFIER = "com.br.mobillia.Phrases-of-the-day";
				PRODUCT_NAME = "$(TARGET_NAME)";
				SWIFT_VERSION = 3.0;
			};
			name = Release;
		};
/* End XCBuildConfiguration section */

/* Begin XCConfigurationList section */
		9358B1841DFA59C3009833F4 /* Build configuration list for PBXProject "Phrases of the day" */ = {
			isa = XCConfigurationList;
			buildConfigurations = (
				9358B1991DFA59C3009833F4 /* Debug */,
				9358B19A1DFA59C3009833F4 /* Release */,
			);
			defaultConfigurationIsVisible = 0;
			defaultConfigurationName = Release;
		};
		9358B19B1DFA59C3009833F4 /* Build configuration list for PBXNativeTarget "Phrases of the day" */ = {
			isa = XCConfigurationList;
			buildConfigurations = (
				9358B19C1DFA59C3009833F4 /* Debug */,
				9358B19D1DFA59C3009833F4 /* Release */,
			);
			defaultConfigurationIsVisible = 0;
		};
/* End XCConfigurationList section */
	};
	rootObject = 9358B1811DFA59C3009833F4 /* Project object */;
}
