// !$*UTF8*$!
{
	archiveVersion = 1;
	classes = {
	};
	objectVersion = 46;
	objects = {

/* Begin PBXBuildFile section */
		E76B45D01E2FD3CC00862C06 /* AppDelegate.swift in Sources */ = {isa = PBXBuildFile; fileRef = E76B45CF1E2FD3CC00862C06 /* AppDelegate.swift */; };
		E76B45D21E2FD3CC00862C06 /* ViewController.swift in Sources */ = {isa = PBXBuildFile; fileRef = E76B45D11E2FD3CC00862C06 /* ViewController.swift */; };
		E76B45D51E2FD3CC00862C06 /* Main.storyboard in Resources */ = {isa = PBXBuildFile; fileRef = E76B45D31E2FD3CC00862C06 /* Main.storyboard */; };
		E76B45D71E2FD3CC00862C06 /* Assets.xcassets in Resources */ = {isa = PBXBuildFile; fileRef = E76B45D61E2FD3CC00862C06 /* Assets.xcassets */; };
		E76B45DA1E2FD3CC00862C06 /* LaunchScreen.storyboard in Resources */ = {isa = PBXBuildFile; fileRef = E76B45D81E2FD3CC00862C06 /* LaunchScreen.storyboard */; };
		E76B45E51E2FD3CD00862C06 /* Cine_RTTests.swift in Sources */ = {isa = PBXBuildFile; fileRef = E76B45E41E2FD3CD00862C06 /* Cine_RTTests.swift */; };
		E76B45F01E2FD8E300862C06 /* Filme.swift in Sources */ = {isa = PBXBuildFile; fileRef = E76B45EF1E2FD8E300862C06 /* Filme.swift */; };
		E76B45F21E2FE9C500862C06 /* CellMovie.swift in Sources */ = {isa = PBXBuildFile; fileRef = E76B45F11E2FE9C500862C06 /* CellMovie.swift */; };
		E76B45F41E2FF56E00862C06 /* DetailMovieViewController.swift in Sources */ = {isa = PBXBuildFile; fileRef = E76B45F31E2FF56E00862C06 /* DetailMovieViewController.swift */; };
/* End PBXBuildFile section */

/* Begin PBXContainerItemProxy section */
		E76B45E11E2FD3CD00862C06 /* PBXContainerItemProxy */ = {
			isa = PBXContainerItemProxy;
			containerPortal = E76B45C41E2FD3CC00862C06 /* Project object */;
			proxyType = 1;
			remoteGlobalIDString = E76B45CB1E2FD3CC00862C06;
			remoteInfo = "Cine RT";
		};
/* End PBXContainerItemProxy section */

/* Begin PBXFileReference section */
		E76B45CC1E2FD3CC00862C06 /* Cine RT.app */ = {isa = PBXFileReference; explicitFileType = wrapper.application; includeInIndex = 0; path = "Cine RT.app"; sourceTree = BUILT_PRODUCTS_DIR; };
		E76B45CF1E2FD3CC00862C06 /* AppDelegate.swift */ = {isa = PBXFileReference; lastKnownFileType = sourcecode.swift; path = AppDelegate.swift; sourceTree = "<group>"; };
		E76B45D11E2FD3CC00862C06 /* ViewController.swift */ = {isa = PBXFileReference; lastKnownFileType = sourcecode.swift; path = ViewController.swift; sourceTree = "<group>"; };
		E76B45D41E2FD3CC00862C06 /* Base */ = {isa = PBXFileReference; lastKnownFileType = file.storyboard; name = Base; path = Base.lproj/Main.storyboard; sourceTree = "<group>"; };
		E76B45D61E2FD3CC00862C06 /* Assets.xcassets */ = {isa = PBXFileReference; lastKnownFileType = folder.assetcatalog; path = Assets.xcassets; sourceTree = "<group>"; };
		E76B45D91E2FD3CC00862C06 /* Base */ = {isa = PBXFileReference; lastKnownFileType = file.storyboard; name = Base; path = Base.lproj/LaunchScreen.storyboard; sourceTree = "<group>"; };
		E76B45DB1E2FD3CC00862C06 /* Info.plist */ = {isa = PBXFileReference; lastKnownFileType = text.plist.xml; path = Info.plist; sourceTree = "<group>"; };
		E76B45E01E2FD3CD00862C06 /* Cine RTTests.xctest */ = {isa = PBXFileReference; explicitFileType = wrapper.cfbundle; includeInIndex = 0; path = "Cine RTTests.xctest"; sourceTree = BUILT_PRODUCTS_DIR; };
		E76B45E41E2FD3CD00862C06 /* Cine_RTTests.swift */ = {isa = PBXFileReference; lastKnownFileType = sourcecode.swift; path = Cine_RTTests.swift; sourceTree = "<group>"; };
		E76B45E61E2FD3CD00862C06 /* Info.plist */ = {isa = PBXFileReference; lastKnownFileType = text.plist.xml; path = Info.plist; sourceTree = "<group>"; };
		E76B45EF1E2FD8E300862C06 /* Filme.swift */ = {isa = PBXFileReference; fileEncoding = 4; lastKnownFileType = sourcecode.swift; path = Filme.swift; sourceTree = "<group>"; };
		E76B45F11E2FE9C500862C06 /* CellMovie.swift */ = {isa = PBXFileReference; fileEncoding = 4; lastKnownFileType = sourcecode.swift; path = CellMovie.swift; sourceTree = "<group>"; };
		E76B45F31E2FF56E00862C06 /* DetailMovieViewController.swift */ = {isa = PBXFileReference; fileEncoding = 4; lastKnownFileType = sourcecode.swift; path = DetailMovieViewController.swift; sourceTree = "<group>"; };
/* End PBXFileReference section */

/* Begin PBXFrameworksBuildPhase section */
		E76B45C91E2FD3CC00862C06 /* Frameworks */ = {
			isa = PBXFrameworksBuildPhase;
			buildActionMask = 2147483647;
			files = (
			);
			runOnlyForDeploymentPostprocessing = 0;
		};
		E76B45DD1E2FD3CD00862C06 /* Frameworks */ = {
			isa = PBXFrameworksBuildPhase;
			buildActionMask = 2147483647;
			files = (
			);
			runOnlyForDeploymentPostprocessing = 0;
		};
/* End PBXFrameworksBuildPhase section */

/* Begin PBXGroup section */
		E76B45C31E2FD3CC00862C06 = {
			isa = PBXGroup;
			children = (
				E76B45CE1E2FD3CC00862C06 /* Cine RT */,
				E76B45E31E2FD3CD00862C06 /* Cine RTTests */,
				E76B45CD1E2FD3CC00862C06 /* Products */,
			);
			sourceTree = "<group>";
		};
		E76B45CD1E2FD3CC00862C06 /* Products */ = {
			isa = PBXGroup;
			children = (
				E76B45CC1E2FD3CC00862C06 /* Cine RT.app */,
				E76B45E01E2FD3CD00862C06 /* Cine RTTests.xctest */,
			);
			name = Products;
			sourceTree = "<group>";
		};
		E76B45CE1E2FD3CC00862C06 /* Cine RT */ = {
			isa = PBXGroup;
			children = (
				E76B45EF1E2FD8E300862C06 /* Filme.swift */,
				E76B45F31E2FF56E00862C06 /* DetailMovieViewController.swift */,
				E76B45CF1E2FD3CC00862C06 /* AppDelegate.swift */,
				E76B45D11E2FD3CC00862C06 /* ViewController.swift */,
				E76B45F11E2FE9C500862C06 /* CellMovie.swift */,
				E76B45D31E2FD3CC00862C06 /* Main.storyboard */,
				E76B45D61E2FD3CC00862C06 /* Assets.xcassets */,
				E76B45D81E2FD3CC00862C06 /* LaunchScreen.storyboard */,
				E76B45DB1E2FD3CC00862C06 /* Info.plist */,
			);
			path = "Cine RT";
			sourceTree = "<group>";
		};
		E76B45E31E2FD3CD00862C06 /* Cine RTTests */ = {
			isa = PBXGroup;
			children = (
				E76B45E41E2FD3CD00862C06 /* Cine_RTTests.swift */,
				E76B45E61E2FD3CD00862C06 /* Info.plist */,
			);
			path = "Cine RTTests";
			sourceTree = "<group>";
		};
/* End PBXGroup section */

/* Begin PBXNativeTarget section */
		E76B45CB1E2FD3CC00862C06 /* Cine RT */ = {
			isa = PBXNativeTarget;
			buildConfigurationList = E76B45E91E2FD3CD00862C06 /* Build configuration list for PBXNativeTarget "Cine RT" */;
			buildPhases = (
				E76B45C81E2FD3CC00862C06 /* Sources */,
				E76B45C91E2FD3CC00862C06 /* Frameworks */,
				E76B45CA1E2FD3CC00862C06 /* Resources */,
			);
			buildRules = (
			);
			dependencies = (
			);
			name = "Cine RT";
			productName = "Cine RT";
			productReference = E76B45CC1E2FD3CC00862C06 /* Cine RT.app */;
			productType = "com.apple.product-type.application";
		};
		E76B45DF1E2FD3CD00862C06 /* Cine RTTests */ = {
			isa = PBXNativeTarget;
			buildConfigurationList = E76B45EC1E2FD3CD00862C06 /* Build configuration list for PBXNativeTarget "Cine RTTests" */;
			buildPhases = (
				E76B45DC1E2FD3CD00862C06 /* Sources */,
				E76B45DD1E2FD3CD00862C06 /* Frameworks */,
				E76B45DE1E2FD3CD00862C06 /* Resources */,
			);
			buildRules = (
			);
			dependencies = (
				E76B45E21E2FD3CD00862C06 /* PBXTargetDependency */,
			);
			name = "Cine RTTests";
			productName = "Cine RTTests";
			productReference = E76B45E01E2FD3CD00862C06 /* Cine RTTests.xctest */;
			productType = "com.apple.product-type.bundle.unit-test";
		};
/* End PBXNativeTarget section */

/* Begin PBXProject section */
		E76B45C41E2FD3CC00862C06 /* Project object */ = {
			isa = PBXProject;
			attributes = {
				LastSwiftUpdateCheck = 0820;
				LastUpgradeCheck = 0820;
				ORGANIZATIONNAME = "Francisco Ioneiton da Silva";
				TargetAttributes = {
					E76B45CB1E2FD3CC00862C06 = {
						CreatedOnToolsVersion = 8.2.1;
						ProvisioningStyle = Automatic;
					};
					E76B45DF1E2FD3CD00862C06 = {
						CreatedOnToolsVersion = 8.2.1;
						ProvisioningStyle = Automatic;
						TestTargetID = E76B45CB1E2FD3CC00862C06;
					};
				};
			};
			buildConfigurationList = E76B45C71E2FD3CC00862C06 /* Build configuration list for PBXProject "Cine RT" */;
			compatibilityVersion = "Xcode 3.2";
			developmentRegion = English;
			hasScannedForEncodings = 0;
			knownRegions = (
				en,
				Base,
			);
			mainGroup = E76B45C31E2FD3CC00862C06;
			productRefGroup = E76B45CD1E2FD3CC00862C06 /* Products */;
			projectDirPath = "";
			projectRoot = "";
			targets = (
				E76B45CB1E2FD3CC00862C06 /* Cine RT */,
				E76B45DF1E2FD3CD00862C06 /* Cine RTTests */,
			);
		};
/* End PBXProject section */

/* Begin PBXResourcesBuildPhase section */
		E76B45CA1E2FD3CC00862C06 /* Resources */ = {
			isa = PBXResourcesBuildPhase;
			buildActionMask = 2147483647;
			files = (
				E76B45DA1E2FD3CC00862C06 /* LaunchScreen.storyboard in Resources */,
				E76B45D71E2FD3CC00862C06 /* Assets.xcassets in Resources */,
				E76B45D51E2FD3CC00862C06 /* Main.storyboard in Resources */,
			);
			runOnlyForDeploymentPostprocessing = 0;
		};
		E76B45DE1E2FD3CD00862C06 /* Resources */ = {
			isa = PBXResourcesBuildPhase;
			buildActionMask = 2147483647;
			files = (
			);
			runOnlyForDeploymentPostprocessing = 0;
		};
/* End PBXResourcesBuildPhase section */

/* Begin PBXSourcesBuildPhase section */
		E76B45C81E2FD3CC00862C06 /* Sources */ = {
			isa = PBXSourcesBuildPhase;
			buildActionMask = 2147483647;
			files = (
				E76B45D21E2FD3CC00862C06 /* ViewController.swift in Sources */,
				E76B45F01E2FD8E300862C06 /* Filme.swift in Sources */,
				E76B45F21E2FE9C500862C06 /* CellMovie.swift in Sources */,
				E76B45F41E2FF56E00862C06 /* DetailMovieViewController.swift in Sources */,
				E76B45D01E2FD3CC00862C06 /* AppDelegate.swift in Sources */,
			);
			runOnlyForDeploymentPostprocessing = 0;
		};
		E76B45DC1E2FD3CD00862C06 /* Sources */ = {
			isa = PBXSourcesBuildPhase;
			buildActionMask = 2147483647;
			files = (
				E76B45E51E2FD3CD00862C06 /* Cine_RTTests.swift in Sources */,
			);
			runOnlyForDeploymentPostprocessing = 0;
		};
/* End PBXSourcesBuildPhase section */

/* Begin PBXTargetDependency section */
		E76B45E21E2FD3CD00862C06 /* PBXTargetDependency */ = {
			isa = PBXTargetDependency;
			target = E76B45CB1E2FD3CC00862C06 /* Cine RT */;
			targetProxy = E76B45E11E2FD3CD00862C06 /* PBXContainerItemProxy */;
		};
/* End PBXTargetDependency section */

/* Begin PBXVariantGroup section */
		E76B45D31E2FD3CC00862C06 /* Main.storyboard */ = {
			isa = PBXVariantGroup;
			children = (
				E76B45D41E2FD3CC00862C06 /* Base */,
			);
			name = Main.storyboard;
			sourceTree = "<group>";
		};
		E76B45D81E2FD3CC00862C06 /* LaunchScreen.storyboard */ = {
			isa = PBXVariantGroup;
			children = (
				E76B45D91E2FD3CC00862C06 /* Base */,
			);
			name = LaunchScreen.storyboard;
			sourceTree = "<group>";
		};
/* End PBXVariantGroup section */

/* Begin XCBuildConfiguration section */
		E76B45E71E2FD3CD00862C06 /* Debug */ = {
			isa = XCBuildConfiguration;
			buildSettings = {
				ALWAYS_SEARCH_USER_PATHS = NO;
				CLANG_ANALYZER_NONNULL = YES;
				CLANG_CXX_LANGUAGE_STANDARD = "gnu++0x";
				CLANG_CXX_LIBRARY = "libc++";
				CLANG_ENABLE_MODULES = YES;
				CLANG_ENABLE_OBJC_ARC = YES;
				CLANG_WARN_BOOL_CONVERSION = YES;
				CLANG_WARN_CONSTANT_CONVERSION = YES;
				CLANG_WARN_DIRECT_OBJC_ISA_USAGE = YES_ERROR;
				CLANG_WARN_DOCUMENTATION_COMMENTS = YES;
				CLANG_WARN_EMPTY_BODY = YES;
				CLANG_WARN_ENUM_CONVERSION = YES;
				CLANG_WARN_INFINITE_RECURSION = YES;
				CLANG_WARN_INT_CONVERSION = YES;
				CLANG_WARN_OBJC_ROOT_CLASS = YES_ERROR;
				CLANG_WARN_SUSPICIOUS_MOVE = YES;
				CLANG_WARN_UNREACHABLE_CODE = YES;
				CLANG_WARN__DUPLICATE_METHOD_MATCH = YES;
				"CODE_SIGN_IDENTITY[sdk=iphoneos*]" = "iPhone Developer";
				COPY_PHASE_STRIP = NO;
				DEBUG_INFORMATION_FORMAT = dwarf;
				ENABLE_STRICT_OBJC_MSGSEND = YES;
				ENABLE_TESTABILITY = YES;
				GCC_C_LANGUAGE_STANDARD = gnu99;
				GCC_DYNAMIC_NO_PIC = NO;
				GCC_NO_COMMON_BLOCKS = YES;
				GCC_OPTIMIZATION_LEVEL = 0;
				GCC_PREPROCESSOR_DEFINITIONS = (
					"DEBUG=1",
					"$(inherited)",
				);
				GCC_WARN_64_TO_32_BIT_CONVERSION = YES;
				GCC_WARN_ABOUT_RETURN_TYPE = YES_ERROR;
				GCC_WARN_UNDECLARED_SELECTOR = YES;
				GCC_WARN_UNINITIALIZED_AUTOS = YES_AGGRESSIVE;
				GCC_WARN_UNUSED_FUNCTION = YES;
				GCC_WARN_UNUSED_VARIABLE = YES;
				IPHONEOS_DEPLOYMENT_TARGET = 10.2;
				MTL_ENABLE_DEBUG_INFO = YES;
				ONLY_ACTIVE_ARCH = YES;
				SDKROOT = iphoneos;
				SWIFT_ACTIVE_COMPILATION_CONDITIONS = DEBUG;
				SWIFT_OPTIMIZATION_LEVEL = "-Onone";
				TARGETED_DEVICE_FAMILY = "1,2";
			};
			name = Debug;
		};
		E76B45E81E2FD3CD00862C06 /* Release */ = {
			isa = XCBuildConfiguration;
			buildSettings = {
				ALWAYS_SEARCH_USER_PATHS = NO;
				CLANG_ANALYZER_NONNULL = YES;
				CLANG_CXX_LANGUAGE_STANDARD = "gnu++0x";
				CLANG_CXX_LIBRARY = "libc++";
				CLANG_ENABLE_MODULES = YES;
				CLANG_ENABLE_OBJC_ARC = YES;
				CLANG_WARN_BOOL_CONVERSION = YES;
				CLANG_WARN_CONSTANT_CONVERSION = YES;
				CLANG_WARN_DIRECT_OBJC_ISA_USAGE = YES_ERROR;
				CLANG_WARN_DOCUMENTATION_COMMENTS = YES;
				CLANG_WARN_EMPTY_BODY = YES;
				CLANG_WARN_ENUM_CONVERSION = YES;
				CLANG_WARN_INFINITE_RECURSION = YES;
				CLANG_WARN_INT_CONVERSION = YES;
				CLANG_WARN_OBJC_ROOT_CLASS = YES_ERROR;
				CLANG_WARN_SUSPICIOUS_MOVE = YES;
				CLANG_WARN_UNREACHABLE_CODE = YES;
				CLANG_WARN__DUPLICATE_METHOD_MATCH = YES;
				"CODE_SIGN_IDENTITY[sdk=iphoneos*]" = "iPhone Developer";
				COPY_PHASE_STRIP = NO;
				DEBUG_INFORMATION_FORMAT = "dwarf-with-dsym";
				ENABLE_NS_ASSERTIONS = NO;
				ENABLE_STRICT_OBJC_MSGSEND = YES;
				GCC_C_LANGUAGE_STANDARD = gnu99;
				GCC_NO_COMMON_BLOCKS = YES;
				GCC_WARN_64_TO_32_BIT_CONVERSION = YES;
				GCC_WARN_ABOUT_RETURN_TYPE = YES_ERROR;
				GCC_WARN_UNDECLARED_SELECTOR = YES;
				GCC_WARN_UNINITIALIZED_AUTOS = YES_AGGRESSIVE;
				GCC_WARN_UNUSED_FUNCTION = YES;
				GCC_WARN_UNUSED_VARIABLE = YES;
				IPHONEOS_DEPLOYMENT_TARGET = 10.2;
				MTL_ENABLE_DEBUG_INFO = NO;
				SDKROOT = iphoneos;
				SWIFT_OPTIMIZATION_LEVEL = "-Owholemodule";
				TARGETED_DEVICE_FAMILY = "1,2";
				VALIDATE_PRODUCT = YES;
			};
			name = Release;
		};
		E76B45EA1E2FD3CD00862C06 /* Debug */ = {
			isa = XCBuildConfiguration;
			buildSettings = {
				ASSETCATALOG_COMPILER_APPICON_NAME = AppIcon;
				INFOPLIST_FILE = "Cine RT/Info.plist";
				LD_RUNPATH_SEARCH_PATHS = "$(inherited) @executable_path/Frameworks";
				PRODUCT_BUNDLE_IDENTIFIER = "com.br.mobillia.Cine-RT";
				PRODUCT_NAME = "$(TARGET_NAME)";
				SWIFT_VERSION = 3.0;
			};
			name = Debug;
		};
		E76B45EB1E2FD3CD00862C06 /* Release */ = {
			isa = XCBuildConfiguration;
			buildSettings = {
				ASSETCATALOG_COMPILER_APPICON_NAME = AppIcon;
				INFOPLIST_FILE = "Cine RT/Info.plist";
				LD_RUNPATH_SEARCH_PATHS = "$(inherited) @executable_path/Frameworks";
				PRODUCT_BUNDLE_IDENTIFIER = "com.br.mobillia.Cine-RT";
				PRODUCT_NAME = "$(TARGET_NAME)";
				SWIFT_VERSION = 3.0;
			};
			name = Release;
		};
		E76B45ED1E2FD3CD00862C06 /* Debug */ = {
			isa = XCBuildConfiguration;
			buildSettings = {
				ALWAYS_EMBED_SWIFT_STANDARD_LIBRARIES = YES;
				BUNDLE_LOADER = "$(TEST_HOST)";
				INFOPLIST_FILE = "Cine RTTests/Info.plist";
				LD_RUNPATH_SEARCH_PATHS = "$(inherited) @executable_path/Frameworks @loader_path/Frameworks";
				PRODUCT_BUNDLE_IDENTIFIER = "com.br.mobillia.Cine-RTTests";
				PRODUCT_NAME = "$(TARGET_NAME)";
				SWIFT_VERSION = 3.0;
				TEST_HOST = "$(BUILT_PRODUCTS_DIR)/Cine RT.app/Cine RT";
			};
			name = Debug;
		};
		E76B45EE1E2FD3CD00862C06 /* Release */ = {
			isa = XCBuildConfiguration;
			buildSettings = {
				ALWAYS_EMBED_SWIFT_STANDARD_LIBRARIES = YES;
				BUNDLE_LOADER = "$(TEST_HOST)";
				INFOPLIST_FILE = "Cine RTTests/Info.plist";
				LD_RUNPATH_SEARCH_PATHS = "$(inherited) @executable_path/Frameworks @loader_path/Frameworks";
				PRODUCT_BUNDLE_IDENTIFIER = "com.br.mobillia.Cine-RTTests";
				PRODUCT_NAME = "$(TARGET_NAME)";
				SWIFT_VERSION = 3.0;
				TEST_HOST = "$(BUILT_PRODUCTS_DIR)/Cine RT.app/Cine RT";
			};
			name = Release;
		};
/* End XCBuildConfiguration section */

/* Begin XCConfigurationList section */
		E76B45C71E2FD3CC00862C06 /* Build configuration list for PBXProject "Cine RT" */ = {
			isa = XCConfigurationList;
			buildConfigurations = (
				E76B45E71E2FD3CD00862C06 /* Debug */,
				E76B45E81E2FD3CD00862C06 /* Release */,
			);
			defaultConfigurationIsVisible = 0;
			defaultConfigurationName = Release;
		};
		E76B45E91E2FD3CD00862C06 /* Build configuration list for PBXNativeTarget "Cine RT" */ = {
			isa = XCConfigurationList;
			buildConfigurations = (
				E76B45EA1E2FD3CD00862C06 /* Debug */,
				E76B45EB1E2FD3CD00862C06 /* Release */,
			);
			defaultConfigurationIsVisible = 0;
		};
		E76B45EC1E2FD3CD00862C06 /* Build configuration list for PBXNativeTarget "Cine RTTests" */ = {
			isa = XCConfigurationList;
			buildConfigurations = (
				E76B45ED1E2FD3CD00862C06 /* Debug */,
				E76B45EE1E2FD3CD00862C06 /* Release */,
			);
			defaultConfigurationIsVisible = 0;
		};
/* End XCConfigurationList section */
	};
	rootObject = E76B45C41E2FD3CC00862C06 /* Project object */;
}
